
Microsoft Visual Studio Solution File, Format Version 12.00
# Visual Studio Version 16
VisualStudioVersion = 16.0.31321.278
MinimumVisualStudioVersion = 10.0.40219.1
Project("{FAE04EC0-301F-11D3-BF4B-00C04F79EFBC}") = "GroceryStoreApp", "GroceryStoreApp\GroceryStoreApp.csproj", "{B252BD0F-5B2C-43D7-A2BF-D74631282A49}"
EndProject
Project("{FAE04EC0-301F-11D3-BF4B-00C04F79EFBC}") = "GroceryStore.Data", "GroceryStore.Date\GroceryStore.Data.csproj", "{9C4F3AEB-5BEC-4DE0-A312-5BBFB268C088}"
EndProject
Project("{FAE04EC0-301F-11D3-BF4B-00C04F79EFBC}") = "GroceryStore.Models", "GroceryStore.Models\GroceryStore.Models.csproj", "{8E1748AD-00DB-4CEA-90FD-9610324D7474}"
EndProject
Project("{FAE04EC0-301F-11D3-BF4B-00C04F79EFBC}") = "GroceryStore.Services", "GroceryStore.Services\GroceryStore.Services.csproj", "{D9EEB0FB-6236-448F-8A88-4C2609AD23BA}"
EndProject
Global
	GlobalSection(SolutionConfigurationPlatforms) = preSolution
		Debug|Any CPU = Debug|Any CPU
		Release|Any CPU = Release|Any CPU
	EndGlobalSection
	GlobalSection(ProjectConfigurationPlatforms) = postSolution
		{B252BD0F-5B2C-43D7-A2BF-D74631282A49}.Debug|Any CPU.ActiveCfg = Debug|Any CPU
		{B252BD0F-5B2C-43D7-A2BF-D74631282A49}.Debug|Any CPU.Build.0 = Debug|Any CPU
		{B252BD0F-5B2C-43D7-A2BF-D74631282A49}.Release|Any CPU.ActiveCfg = Release|Any CPU
		{B252BD0F-5B2C-43D7-A2BF-D74631282A49}.Release|Any CPU.Build.0 = Release|Any CPU
		{9C4F3AEB-5BEC-4DE0-A312-5BBFB268C088}.Debug|Any CPU.ActiveCfg = Debug|Any CPU
		{9C4F3AEB-5BEC-4DE0-A312-5BBFB268C088}.Debug|Any CPU.Build.0 = Debug|Any CPU
		{9C4F3AEB-5BEC-4DE0-A312-5BBFB268C088}.Release|Any CPU.ActiveCfg = Release|Any CPU
		{9C4F3AEB-5BEC-4DE0-A312-5BBFB268C088}.Release|Any CPU.Build.0 = Release|Any CPU
		{8E1748AD-00DB-4CEA-90FD-9610324D7474}.Debug|Any CPU.ActiveCfg = Debug|Any CPU
		{8E1748AD-00DB-4CEA-90FD-9610324D7474}.Debug|Any CPU.Build.0 = Debug|Any CPU
		{8E1748AD-00DB-4CEA-90FD-9610324D7474}.Release|Any CPU.ActiveCfg = Release|Any CPU
		{8E1748AD-00DB-4CEA-90FD-9610324D7474}.Release|Any CPU.Build.0 = Release|Any CPU
		{D9EEB0FB-6236-448F-8A88-4C2609AD23BA}.Debug|Any CPU.ActiveCfg = Debug|Any CPU
		{D9EEB0FB-6236-448F-8A88-4C2609AD23BA}.Debug|Any CPU.Build.0 = Debug|Any CPU
		{D9EEB0FB-6236-448F-8A88-4C2609AD23BA}.Release|Any CPU.ActiveCfg = Release|Any CPU
		{D9EEB0FB-6236-448F-8A88-4C2609AD23BA}.Release|Any CPU.Build.0 = Release|Any CPU
	EndGlobalSection
	GlobalSection(SolutionProperties) = preSolution
		HideSolutionNode = FALSE
	EndGlobalSection
	GlobalSection(ExtensibilityGlobals) = postSolution
		SolutionGuid = {94CDBCFA-8B60-4801-BBA2-A8F79ECEC75F}
	EndGlobalSection
EndGlobal
